
Microsoft Visual Studio Solution File, Format Version 12.00
# Visual Studio Version 17
VisualStudioVersion = 17.7.34003.232
MinimumVisualStudioVersion = 10.0.40219.1
Project("{FAE04EC0-301F-11D3-BF4B-00C04F79EFBC}") = "solo-play", "solo-play\solo-play.csproj", "{D129FED0-F9D5-412F-8653-4BD952E88DAE}"
EndProject
Global
	GlobalSection(SolutionConfigurationPlatforms) = preSolution
		Debug|Any CPU = Debug|Any CPU
		Release|Any CPU = Release|Any CPU
	EndGlobalSection
	GlobalSection(ProjectConfigurationPlatforms) = postSolution
		{D129FED0-F9D5-412F-8653-4BD952E88DAE}.Debug|Any CPU.ActiveCfg = Debug|Any CPU
		{D129FED0-F9D5-412F-8653-4BD952E88DAE}.Debug|Any CPU.Build.0 = Debug|Any CPU
		{D129FED0-F9D5-412F-8653-4BD952E88DAE}.Release|Any CPU.ActiveCfg = Release|Any CPU
		{D129FED0-F9D5-412F-8653-4BD952E88DAE}.Release|Any CPU.Build.0 = Release|Any CPU
	EndGlobalSection
	GlobalSection(SolutionProperties) = preSolution
		HideSolutionNode = FALSE
	EndGlobalSection
	GlobalSection(ExtensibilityGlobals) = postSolution
		SolutionGuid = {680AC46E-EB8E-4691-9935-FEBB3F3FD5DE}
	EndGlobalSection
EndGlobal
